
Microsoft Visual Studio Solution File, Format Version 12.00
# Visual Studio Version 17
VisualStudioVersion = 17.9.34701.34
MinimumVisualStudioVersion = 10.0.40219.1
Project("{9A19103F-16F7-4668-BE54-9A1E7A4F7556}") = "MandelBrot", "MandelBrot\MandelBrot.csproj", "{C2F31200-7707-42FB-97A1-FA5830324D0B}"
EndProject
Project("{FAE04EC0-301F-11D3-BF4B-00C04F79EFBC}") = "Test_WritableBitmap", "Test_WritableBitmap\Test_WritableBitmap.csproj", "{874B7F40-86AF-43C4-B675-27128F70943F}"
EndProject
Global
	GlobalSection(SolutionConfigurationPlatforms) = preSolution
		Debug|Any CPU = Debug|Any CPU
		Release|Any CPU = Release|Any CPU
	EndGlobalSection
	GlobalSection(ProjectConfigurationPlatforms) = postSolution
		{C2F31200-7707-42FB-97A1-FA5830324D0B}.Debug|Any CPU.ActiveCfg = Debug|Any CPU
		{C2F31200-7707-42FB-97A1-FA5830324D0B}.Debug|Any CPU.Build.0 = Debug|Any CPU
		{C2F31200-7707-42FB-97A1-FA5830324D0B}.Release|Any CPU.ActiveCfg = Release|Any CPU
		{C2F31200-7707-42FB-97A1-FA5830324D0B}.Release|Any CPU.Build.0 = Release|Any CPU
		{874B7F40-86AF-43C4-B675-27128F70943F}.Debug|Any CPU.ActiveCfg = Debug|Any CPU
		{874B7F40-86AF-43C4-B675-27128F70943F}.Debug|Any CPU.Build.0 = Debug|Any CPU
		{874B7F40-86AF-43C4-B675-27128F70943F}.Release|Any CPU.ActiveCfg = Release|Any CPU
		{874B7F40-86AF-43C4-B675-27128F70943F}.Release|Any CPU.Build.0 = Release|Any CPU
	EndGlobalSection
	GlobalSection(SolutionProperties) = preSolution
		HideSolutionNode = FALSE
	EndGlobalSection
	GlobalSection(ExtensibilityGlobals) = postSolution
		SolutionGuid = {960C271E-42AE-4E80-9A8E-F4522A700CE5}
	EndGlobalSection
EndGlobal
